
Microsoft Visual Studio Solution File, Format Version 12.00
# Visual Studio Version 16
VisualStudioVersion = 16.0.29519.161
MinimumVisualStudioVersion = 10.0.40219.1
Project("{8BC9CEB8-8B4A-11D0-8D11-00A0C91BC942}") = "toml++", "toml++.vcxproj", "{0E287B5A-1168-43FD-B067-F6BE8E182A57}"
EndProject
Project("{2150E333-8FDC-42A3-9474-1A3956D46DE8}") = "tests", "tests", "{4E25CF88-D7D8-4A9C-A52E-0D78281E82EC}"
	ProjectSection(SolutionItems) = preProject
		test_x64_cpplatest.vcxproj = test_x64_cpplatest.vcxproj
	EndProjectSection
EndProject
Project("{2150E333-8FDC-42A3-9474-1A3956D46DE8}") = "examples", "examples", "{412816A5-9D22-4A30-BCDF-ABFB54BB3735}"
EndProject
Project("{8BC9CEB8-8B4A-11D0-8D11-00A0C91BC942}") = "toml_to_json_transcoder", "toml_to_json_transcoder.vcxproj", "{BE34AA99-BEE6-4B50-B237-217E7C88FCB5}"
EndProject
Project("{8BC9CEB8-8B4A-11D0-8D11-00A0C91BC942}") = "simple_parser", "simple_parser.vcxproj", "{259FCEE5-3442-4076-9547-2BA793ECA1CB}"
EndProject
Project("{8BC9CEB8-8B4A-11D0-8D11-00A0C91BC942}") = "toml_generator", "toml_generator.vcxproj", "{23CE3B73-FEE7-436C-9B4E-3DFB202EE9A2}"
EndProject
Project("{8BC9CEB8-8B4A-11D0-8D11-00A0C91BC942}") = "error_printer", "error_printer.vcxproj", "{DAB4634D-8145-4860-AE45-5198E76FF324}"
EndProject
Project("{8BC9CEB8-8B4A-11D0-8D11-00A0C91BC942}") = "test_x64", "test_x64.vcxproj", "{3227B3DB-D203-5485-98B4-0F3021AFB869}"
EndProject
Project("{8BC9CEB8-8B4A-11D0-8D11-00A0C91BC942}") = "test_x64_noexcept", "test_x64_noexcept.vcxproj", "{B51CFAB1-00F6-5EC0-B6E5-625D40631518}"
EndProject
Project("{8BC9CEB8-8B4A-11D0-8D11-00A0C91BC942}") = "test_x64_unrel", "test_x64_unrel.vcxproj", "{902B7939-6FD3-5819-97A6-E23AE3675834}"
EndProject
Project("{8BC9CEB8-8B4A-11D0-8D11-00A0C91BC942}") = "test_x64_unrel_noexcept", "test_x64_unrel_noexcept.vcxproj", "{3C57D63F-BD2A-5D8D-A2DF-8A94799343F7}"
EndProject
Project("{8BC9CEB8-8B4A-11D0-8D11-00A0C91BC942}") = "test_x86", "test_x86.vcxproj", "{8E878D65-5FB5-5E31-B389-A83E040C49EA}"
EndProject
Project("{8BC9CEB8-8B4A-11D0-8D11-00A0C91BC942}") = "test_x86_noexcept", "test_x86_noexcept.vcxproj", "{F48A5075-A26E-58D1-930B-8DBE88598338}"
EndProject
Project("{8BC9CEB8-8B4A-11D0-8D11-00A0C91BC942}") = "test_x86_unrel", "test_x86_unrel.vcxproj", "{61286863-AD9B-5805-8478-EA339E5F4005}"
EndProject
Project("{8BC9CEB8-8B4A-11D0-8D11-00A0C91BC942}") = "test_x86_unrel_noexcept", "test_x86_unrel_noexcept.vcxproj", "{DE1290DF-8EBF-5AD1-A07B-305C705892CE}"
EndProject
Project("{8BC9CEB8-8B4A-11D0-8D11-00A0C91BC942}") = "test_x64_cpplatest_noexcept", "test_x64_cpplatest_noexcept.vcxproj", "{DFA3136B-CE2F-5E5F-80FC-D395F3D72180}"
EndProject
Project("{8BC9CEB8-8B4A-11D0-8D11-00A0C91BC942}") = "test_x64_cpplatest_unrel", "test_x64_cpplatest_unrel.vcxproj", "{913FC307-267A-5D14-B00A-7721371AD4E2}"
EndProject
Project("{8BC9CEB8-8B4A-11D0-8D11-00A0C91BC942}") = "test_x64_cpplatest_unrel_noexcept", "test_x64_cpplatest_unrel_noexcept.vcxproj", "{F301F5EB-C33D-5BF2-BAAF-531F28AB3A49}"
EndProject
Project("{8BC9CEB8-8B4A-11D0-8D11-00A0C91BC942}") = "test_x86_cpplatest", "test_x86_cpplatest.vcxproj", "{55D063AA-8120-5F31-9A9B-9EAAB910FBCE}"
EndProject
Project("{8BC9CEB8-8B4A-11D0-8D11-00A0C91BC942}") = "test_x86_cpplatest_noexcept", "test_x86_cpplatest_noexcept.vcxproj", "{EB4C03FC-1CDE-5062-81DE-5948B382F85A}"
EndProject
Project("{8BC9CEB8-8B4A-11D0-8D11-00A0C91BC942}") = "test_x86_cpplatest_unrel", "test_x86_cpplatest_unrel.vcxproj", "{955F593A-6BFC-57A3-9A34-5FE2F3F37ACA}"
EndProject
Project("{8BC9CEB8-8B4A-11D0-8D11-00A0C91BC942}") = "test_x86_cpplatest_unrel_noexcept", "test_x86_cpplatest_unrel_noexcept.vcxproj", "{0C46DDD5-781E-51B8-8057-1C82FFE1D96F}"
EndProject
Global
	GlobalSection(SolutionConfigurationPlatforms) = preSolution
		Debug|x64 = Debug|x64
		Release|x64 = Release|x64
	EndGlobalSection
	GlobalSection(ProjectConfigurationPlatforms) = postSolution
		{0E287B5A-1168-43FD-B067-F6BE8E182A57}.Debug|x64.ActiveCfg = Debug|x64
		{0E287B5A-1168-43FD-B067-F6BE8E182A57}.Debug|x64.Build.0 = Debug|x64
		{0E287B5A-1168-43FD-B067-F6BE8E182A57}.Release|x64.ActiveCfg = Release|x64
		{0E287B5A-1168-43FD-B067-F6BE8E182A57}.Release|x64.Build.0 = Release|x64
		{BE34AA99-BEE6-4B50-B237-217E7C88FCB5}.Debug|x64.ActiveCfg = Debug|x64
		{BE34AA99-BEE6-4B50-B237-217E7C88FCB5}.Debug|x64.Build.0 = Debug|x64
		{BE34AA99-BEE6-4B50-B237-217E7C88FCB5}.Release|x64.ActiveCfg = Release|x64
		{BE34AA99-BEE6-4B50-B237-217E7C88FCB5}.Release|x64.Build.0 = Release|x64
		{259FCEE5-3442-4076-9547-2BA793ECA1CB}.Debug|x64.ActiveCfg = Debug|x64
		{259FCEE5-3442-4076-9547-2BA793ECA1CB}.Debug|x64.Build.0 = Debug|x64
		{259FCEE5-3442-4076-9547-2BA793ECA1CB}.Release|x64.ActiveCfg = Release|x64
		{259FCEE5-3442-4076-9547-2BA793ECA1CB}.Release|x64.Build.0 = Release|x64
		{23CE3B73-FEE7-436C-9B4E-3DFB202EE9A2}.Debug|x64.ActiveCfg = Debug|x64
		{23CE3B73-FEE7-436C-9B4E-3DFB202EE9A2}.Debug|x64.Build.0 = Debug|x64
		{23CE3B73-FEE7-436C-9B4E-3DFB202EE9A2}.Release|x64.ActiveCfg = Release|x64
		{23CE3B73-FEE7-436C-9B4E-3DFB202EE9A2}.Release|x64.Build.0 = Release|x64
		{DAB4634D-8145-4860-AE45-5198E76FF324}.Debug|x64.ActiveCfg = Debug|x64
		{DAB4634D-8145-4860-AE45-5198E76FF324}.Debug|x64.Build.0 = Debug|x64
		{DAB4634D-8145-4860-AE45-5198E76FF324}.Release|x64.ActiveCfg = Release|x64
		{DAB4634D-8145-4860-AE45-5198E76FF324}.Release|x64.Build.0 = Release|x64
		{3227B3DB-D203-5485-98B4-0F3021AFB869}.Debug|x64.ActiveCfg = Debug|x64
		{3227B3DB-D203-5485-98B4-0F3021AFB869}.Debug|x64.Build.0 = Debug|x64
		{3227B3DB-D203-5485-98B4-0F3021AFB869}.Release|x64.ActiveCfg = Release|x64
		{3227B3DB-D203-5485-98B4-0F3021AFB869}.Release|x64.Build.0 = Release|x64
		{B51CFAB1-00F6-5EC0-B6E5-625D40631518}.Debug|x64.ActiveCfg = Debug|x64
		{B51CFAB1-00F6-5EC0-B6E5-625D40631518}.Debug|x64.Build.0 = Debug|x64
		{B51CFAB1-00F6-5EC0-B6E5-625D40631518}.Release|x64.ActiveCfg = Release|x64
		{B51CFAB1-00F6-5EC0-B6E5-625D40631518}.Release|x64.Build.0 = Release|x64
		{902B7939-6FD3-5819-97A6-E23AE3675834}.Debug|x64.ActiveCfg = Debug|x64
		{902B7939-6FD3-5819-97A6-E23AE3675834}.Debug|x64.Build.0 = Debug|x64
		{902B7939-6FD3-5819-97A6-E23AE3675834}.Release|x64.ActiveCfg = Release|x64
		{902B7939-6FD3-5819-97A6-E23AE3675834}.Release|x64.Build.0 = Release|x64
		{3C57D63F-BD2A-5D8D-A2DF-8A94799343F7}.Debug|x64.ActiveCfg = Debug|x64
		{3C57D63F-BD2A-5D8D-A2DF-8A94799343F7}.Debug|x64.Build.0 = Debug|x64
		{3C57D63F-BD2A-5D8D-A2DF-8A94799343F7}.Release|x64.ActiveCfg = Release|x64
		{3C57D63F-BD2A-5D8D-A2DF-8A94799343F7}.Release|x64.Build.0 = Release|x64
		{8E878D65-5FB5-5E31-B389-A83E040C49EA}.Debug|x64.ActiveCfg = Debug|Win32
		{8E878D65-5FB5-5E31-B389-A83E040C49EA}.Debug|x64.Build.0 = Debug|Win32
		{8E878D65-5FB5-5E31-B389-A83E040C49EA}.Release|x64.ActiveCfg = Release|Win32
		{8E878D65-5FB5-5E31-B389-A83E040C49EA}.Release|x64.Build.0 = Release|Win32
		{F48A5075-A26E-58D1-930B-8DBE88598338}.Debug|x64.ActiveCfg = Debug|Win32
		{F48A5075-A26E-58D1-930B-8DBE88598338}.Debug|x64.Build.0 = Debug|Win32
		{F48A5075-A26E-58D1-930B-8DBE88598338}.Release|x64.ActiveCfg = Release|Win32
		{F48A5075-A26E-58D1-930B-8DBE88598338}.Release|x64.Build.0 = Release|Win32
		{61286863-AD9B-5805-8478-EA339E5F4005}.Debug|x64.ActiveCfg = Debug|Win32
		{61286863-AD9B-5805-8478-EA339E5F4005}.Debug|x64.Build.0 = Debug|Win32
		{61286863-AD9B-5805-8478-EA339E5F4005}.Release|x64.ActiveCfg = Release|Win32
		{61286863-AD9B-5805-8478-EA339E5F4005}.Release|x64.Build.0 = Release|Win32
		{DE1290DF-8EBF-5AD1-A07B-305C705892CE}.Debug|x64.ActiveCfg = Debug|Win32
		{DE1290DF-8EBF-5AD1-A07B-305C705892CE}.Debug|x64.Build.0 = Debug|Win32
		{DE1290DF-8EBF-5AD1-A07B-305C705892CE}.Release|x64.ActiveCfg = Release|Win32
		{DE1290DF-8EBF-5AD1-A07B-305C705892CE}.Release|x64.Build.0 = Release|Win32
		{DFA3136B-CE2F-5E5F-80FC-D395F3D72180}.Debug|x64.ActiveCfg = Debug|x64
		{DFA3136B-CE2F-5E5F-80FC-D395F3D72180}.Debug|x64.Build.0 = Debug|x64
		{DFA3136B-CE2F-5E5F-80FC-D395F3D72180}.Release|x64.ActiveCfg = Release|x64
		{DFA3136B-CE2F-5E5F-80FC-D395F3D72180}.Release|x64.Build.0 = Release|x64
		{913FC307-267A-5D14-B00A-7721371AD4E2}.Debug|x64.ActiveCfg = Debug|x64
		{913FC307-267A-5D14-B00A-7721371AD4E2}.Debug|x64.Build.0 = Debug|x64
		{913FC307-267A-5D14-B00A-7721371AD4E2}.Release|x64.ActiveCfg = Release|x64
		{913FC307-267A-5D14-B00A-7721371AD4E2}.Release|x64.Build.0 = Release|x64
		{F301F5EB-C33D-5BF2-BAAF-531F28AB3A49}.Debug|x64.ActiveCfg = Debug|x64
		{F301F5EB-C33D-5BF2-BAAF-531F28AB3A49}.Debug|x64.Build.0 = Debug|x64
		{F301F5EB-C33D-5BF2-BAAF-531F28AB3A49}.Release|x64.ActiveCfg = Release|x64
		{F301F5EB-C33D-5BF2-BAAF-531F28AB3A49}.Release|x64.Build.0 = Release|x64
		{55D063AA-8120-5F31-9A9B-9EAAB910FBCE}.Debug|x64.ActiveCfg = Debug|Win32
		{55D063AA-8120-5F31-9A9B-9EAAB910FBCE}.Debug|x64.Build.0 = Debug|Win32
		{55D063AA-8120-5F31-9A9B-9EAAB910FBCE}.Release|x64.ActiveCfg = Release|Win32
		{55D063AA-8120-5F31-9A9B-9EAAB910FBCE}.Release|x64.Build.0 = Release|Win32
		{EB4C03FC-1CDE-5062-81DE-5948B382F85A}.Debug|x64.ActiveCfg = Debug|Win32
		{EB4C03FC-1CDE-5062-81DE-5948B382F85A}.Debug|x64.Build.0 = Debug|Win32
		{EB4C03FC-1CDE-5062-81DE-5948B382F85A}.Release|x64.ActiveCfg = Release|Win32
		{EB4C03FC-1CDE-5062-81DE-5948B382F85A}.Release|x64.Build.0 = Release|Win32
		{955F593A-6BFC-57A3-9A34-5FE2F3F37ACA}.Debug|x64.ActiveCfg = Debug|Win32
		{955F593A-6BFC-57A3-9A34-5FE2F3F37ACA}.Debug|x64.Build.0 = Debug|Win32
		{955F593A-6BFC-57A3-9A34-5FE2F3F37ACA}.Release|x64.ActiveCfg = Release|Win32
		{955F593A-6BFC-57A3-9A34-5FE2F3F37ACA}.Release|x64.Build.0 = Release|Win32
		{0C46DDD5-781E-51B8-8057-1C82FFE1D96F}.Debug|x64.ActiveCfg = Debug|Win32
		{0C46DDD5-781E-51B8-8057-1C82FFE1D96F}.Debug|x64.Build.0 = Debug|Win32
		{0C46DDD5-781E-51B8-8057-1C82FFE1D96F}.Release|x64.ActiveCfg = Release|Win32
		{0C46DDD5-781E-51B8-8057-1C82FFE1D96F}.Release|x64.Build.0 = Release|Win32
	EndGlobalSection
	GlobalSection(SolutionProperties) = preSolution
		HideSolutionNode = FALSE
	EndGlobalSection
	GlobalSection(NestedProjects) = preSolution
		{BE34AA99-BEE6-4B50-B237-217E7C88FCB5} = {412816A5-9D22-4A30-BCDF-ABFB54BB3735}
		{259FCEE5-3442-4076-9547-2BA793ECA1CB} = {412816A5-9D22-4A30-BCDF-ABFB54BB3735}
		{23CE3B73-FEE7-436C-9B4E-3DFB202EE9A2} = {412816A5-9D22-4A30-BCDF-ABFB54BB3735}
		{DAB4634D-8145-4860-AE45-5198E76FF324} = {412816A5-9D22-4A30-BCDF-ABFB54BB3735}
		{3227B3DB-D203-5485-98B4-0F3021AFB869} = {4E25CF88-D7D8-4A9C-A52E-0D78281E82EC}
		{B51CFAB1-00F6-5EC0-B6E5-625D40631518} = {4E25CF88-D7D8-4A9C-A52E-0D78281E82EC}
		{902B7939-6FD3-5819-97A6-E23AE3675834} = {4E25CF88-D7D8-4A9C-A52E-0D78281E82EC}
		{3C57D63F-BD2A-5D8D-A2DF-8A94799343F7} = {4E25CF88-D7D8-4A9C-A52E-0D78281E82EC}
		{8E878D65-5FB5-5E31-B389-A83E040C49EA} = {4E25CF88-D7D8-4A9C-A52E-0D78281E82EC}
		{F48A5075-A26E-58D1-930B-8DBE88598338} = {4E25CF88-D7D8-4A9C-A52E-0D78281E82EC}
		{61286863-AD9B-5805-8478-EA339E5F4005} = {4E25CF88-D7D8-4A9C-A52E-0D78281E82EC}
		{DE1290DF-8EBF-5AD1-A07B-305C705892CE} = {4E25CF88-D7D8-4A9C-A52E-0D78281E82EC}
		{DFA3136B-CE2F-5E5F-80FC-D395F3D72180} = {4E25CF88-D7D8-4A9C-A52E-0D78281E82EC}
		{913FC307-267A-5D14-B00A-7721371AD4E2} = {4E25CF88-D7D8-4A9C-A52E-0D78281E82EC}
		{F301F5EB-C33D-5BF2-BAAF-531F28AB3A49} = {4E25CF88-D7D8-4A9C-A52E-0D78281E82EC}
		{55D063AA-8120-5F31-9A9B-9EAAB910FBCE} = {4E25CF88-D7D8-4A9C-A52E-0D78281E82EC}
		{EB4C03FC-1CDE-5062-81DE-5948B382F85A} = {4E25CF88-D7D8-4A9C-A52E-0D78281E82EC}
		{955F593A-6BFC-57A3-9A34-5FE2F3F37ACA} = {4E25CF88-D7D8-4A9C-A52E-0D78281E82EC}
		{0C46DDD5-781E-51B8-8057-1C82FFE1D96F} = {4E25CF88-D7D8-4A9C-A52E-0D78281E82EC}
	EndGlobalSection
	GlobalSection(ExtensibilityGlobals) = postSolution
		SolutionGuid = {0926DDCC-88CD-4839-A82D-D9B99E02A0B1}
	EndGlobalSection
EndGlobal
