
Microsoft Visual Studio Solution File, Format Version 12.00
# Visual Studio Version 16
VisualStudioVersion = 16.0.29519.161
MinimumVisualStudioVersion = 10.0.40219.1
Project("{8BC9CEB8-8B4A-11D0-8D11-00A0C91BC942}") = "toml++", "toml++.vcxproj", "{0E287B5A-1168-43FD-B067-F6BE8E182A57}"
EndProject
Project("{2150E333-8FDC-42A3-9474-1A3956D46DE8}") = "tests", "tests", "{4E25CF88-D7D8-4A9C-A52E-0D78281E82EC}"
EndProject
Project("{8BC9CEB8-8B4A-11D0-8D11-00A0C91BC942}") = "test_char", "test_char.vcxproj", "{54532B93-A2F9-49AC-886E-767A6D78E2F2}"
EndProject
Project("{8BC9CEB8-8B4A-11D0-8D11-00A0C91BC942}") = "test_char_noexcept", "test_char_noexcept.vcxproj", "{E888E99C-734D-44C4-B917-0AC8D3E2F48F}"
EndProject
Project("{8BC9CEB8-8B4A-11D0-8D11-00A0C91BC942}") = "test_char8", "test_char8.vcxproj", "{3E4018CE-CCA2-48E6-B11E-732A1B59C672}"
EndProject
Project("{8BC9CEB8-8B4A-11D0-8D11-00A0C91BC942}") = "test_char8_noexcept", "test_char8_noexcept.vcxproj", "{F094F967-42B5-4AD7-AB44-EA044CD9837E}"
EndProject
Project("{8BC9CEB8-8B4A-11D0-8D11-00A0C91BC942}") = "test_char_strict", "test_char_strict.vcxproj", "{89FF67C6-94C0-4C46-8411-7549A36584FB}"
EndProject
Project("{8BC9CEB8-8B4A-11D0-8D11-00A0C91BC942}") = "test_char_strict_noexcept", "test_char_strict_noexcept.vcxproj", "{F05F8C1B-7E23-4147-901E-AD91092E5752}"
EndProject
Project("{8BC9CEB8-8B4A-11D0-8D11-00A0C91BC942}") = "test_char8_strict", "test_char8_strict.vcxproj", "{EAC419E9-0C72-4625-B2B9-E879F697021A}"
EndProject
Project("{8BC9CEB8-8B4A-11D0-8D11-00A0C91BC942}") = "test_char8_strict_noexcept", "test_char8_strict_noexcept.vcxproj", "{9ADB61D3-FDFA-4A9C-A34F-663007BB70F6}"
EndProject
Project("{2150E333-8FDC-42A3-9474-1A3956D46DE8}") = "examples", "examples", "{412816A5-9D22-4A30-BCDF-ABFB54BB3735}"
EndProject
Project("{8BC9CEB8-8B4A-11D0-8D11-00A0C91BC942}") = "parse_file", "parse_file.vcxproj", "{259FCEE5-3442-4076-9547-2BA793ECA1CB}"
EndProject
Project("{8BC9CEB8-8B4A-11D0-8D11-00A0C91BC942}") = "toml_to_json_transcoder", "toml_to_json_transcoder.vcxproj", "{BE34AA99-BEE6-4B50-B237-217E7C88FCB5}"
EndProject
Project("{8BC9CEB8-8B4A-11D0-8D11-00A0C91BC942}") = "test_x86_char", "test_x86_char.vcxproj", "{150FA82E-0E9F-4449-82A6-811BFFE6B5FE}"
EndProject
Project("{8BC9CEB8-8B4A-11D0-8D11-00A0C91BC942}") = "test_x86_char_noexcept", "test_x86_char_noexcept.vcxproj", "{54DD1412-20C0-4700-96D7-3FD445E70996}"
EndProject
Project("{8BC9CEB8-8B4A-11D0-8D11-00A0C91BC942}") = "test_x86_char8", "test_x86_char8.vcxproj", "{1ED2F590-1DE8-457D-97BD-38ECF0955F7F}"
EndProject
Project("{8BC9CEB8-8B4A-11D0-8D11-00A0C91BC942}") = "test_x86_char8_noexcept", "test_x86_char8_noexcept.vcxproj", "{BE980D05-770C-4420-B59B-EAD7A63468D2}"
EndProject
Project("{8BC9CEB8-8B4A-11D0-8D11-00A0C91BC942}") = "test_x86_char_strict", "test_x86_char_strict.vcxproj", "{3B05742A-6512-4B11-8842-A1B9D1465B1F}"
EndProject
Project("{8BC9CEB8-8B4A-11D0-8D11-00A0C91BC942}") = "test_x86_char_strict_noexcept", "test_x86_char_strict_noexcept.vcxproj", "{0BBEE569-536D-452C-808C-61843FECCC7E}"
EndProject
Project("{8BC9CEB8-8B4A-11D0-8D11-00A0C91BC942}") = "test_x86_char8_strict", "test_x86_char8_strict.vcxproj", "{A4F27C6F-601D-45C0-9F81-7C100BD93B9A}"
EndProject
Project("{8BC9CEB8-8B4A-11D0-8D11-00A0C91BC942}") = "test_x86_char8_strict_noexcept", "test_x86_char8_strict_noexcept.vcxproj", "{0CAD095A-C9F2-49FC-9C9F-4508498BE488}"
EndProject
Global
	GlobalSection(SolutionConfigurationPlatforms) = preSolution
		Debug|Win32 = Debug|Win32
		Debug|x64 = Debug|x64
		Release|Win32 = Release|Win32
		Release|x64 = Release|x64
	EndGlobalSection
	GlobalSection(ProjectConfigurationPlatforms) = postSolution
		{0E287B5A-1168-43FD-B067-F6BE8E182A57}.Debug|Win32.ActiveCfg = Debug|Win32
		{0E287B5A-1168-43FD-B067-F6BE8E182A57}.Debug|Win32.Build.0 = Debug|Win32
		{0E287B5A-1168-43FD-B067-F6BE8E182A57}.Debug|x64.ActiveCfg = Debug|x64
		{0E287B5A-1168-43FD-B067-F6BE8E182A57}.Debug|x64.Build.0 = Debug|x64
		{0E287B5A-1168-43FD-B067-F6BE8E182A57}.Release|Win32.ActiveCfg = Release|Win32
		{0E287B5A-1168-43FD-B067-F6BE8E182A57}.Release|Win32.Build.0 = Release|Win32
		{0E287B5A-1168-43FD-B067-F6BE8E182A57}.Release|x64.ActiveCfg = Release|x64
		{0E287B5A-1168-43FD-B067-F6BE8E182A57}.Release|x64.Build.0 = Release|x64
		{54532B93-A2F9-49AC-886E-767A6D78E2F2}.Debug|Win32.ActiveCfg = Debug|x64
		{54532B93-A2F9-49AC-886E-767A6D78E2F2}.Debug|Win32.Build.0 = Debug|x64
		{54532B93-A2F9-49AC-886E-767A6D78E2F2}.Debug|x64.ActiveCfg = Debug|x64
		{54532B93-A2F9-49AC-886E-767A6D78E2F2}.Debug|x64.Build.0 = Debug|x64
		{54532B93-A2F9-49AC-886E-767A6D78E2F2}.Release|Win32.ActiveCfg = Release|x64
		{54532B93-A2F9-49AC-886E-767A6D78E2F2}.Release|Win32.Build.0 = Release|x64
		{54532B93-A2F9-49AC-886E-767A6D78E2F2}.Release|x64.ActiveCfg = Release|x64
		{54532B93-A2F9-49AC-886E-767A6D78E2F2}.Release|x64.Build.0 = Release|x64
		{E888E99C-734D-44C4-B917-0AC8D3E2F48F}.Debug|Win32.ActiveCfg = Debug|x64
		{E888E99C-734D-44C4-B917-0AC8D3E2F48F}.Debug|Win32.Build.0 = Debug|x64
		{E888E99C-734D-44C4-B917-0AC8D3E2F48F}.Debug|x64.ActiveCfg = Debug|x64
		{E888E99C-734D-44C4-B917-0AC8D3E2F48F}.Debug|x64.Build.0 = Debug|x64
		{E888E99C-734D-44C4-B917-0AC8D3E2F48F}.Release|Win32.ActiveCfg = Release|x64
		{E888E99C-734D-44C4-B917-0AC8D3E2F48F}.Release|Win32.Build.0 = Release|x64
		{E888E99C-734D-44C4-B917-0AC8D3E2F48F}.Release|x64.ActiveCfg = Release|x64
		{E888E99C-734D-44C4-B917-0AC8D3E2F48F}.Release|x64.Build.0 = Release|x64
		{3E4018CE-CCA2-48E6-B11E-732A1B59C672}.Debug|Win32.ActiveCfg = Debug|x64
		{3E4018CE-CCA2-48E6-B11E-732A1B59C672}.Debug|Win32.Build.0 = Debug|x64
		{3E4018CE-CCA2-48E6-B11E-732A1B59C672}.Debug|x64.ActiveCfg = Debug|x64
		{3E4018CE-CCA2-48E6-B11E-732A1B59C672}.Debug|x64.Build.0 = Debug|x64
		{3E4018CE-CCA2-48E6-B11E-732A1B59C672}.Release|Win32.ActiveCfg = Release|x64
		{3E4018CE-CCA2-48E6-B11E-732A1B59C672}.Release|Win32.Build.0 = Release|x64
		{3E4018CE-CCA2-48E6-B11E-732A1B59C672}.Release|x64.ActiveCfg = Release|x64
		{3E4018CE-CCA2-48E6-B11E-732A1B59C672}.Release|x64.Build.0 = Release|x64
		{F094F967-42B5-4AD7-AB44-EA044CD9837E}.Debug|Win32.ActiveCfg = Debug|x64
		{F094F967-42B5-4AD7-AB44-EA044CD9837E}.Debug|Win32.Build.0 = Debug|x64
		{F094F967-42B5-4AD7-AB44-EA044CD9837E}.Debug|x64.ActiveCfg = Debug|x64
		{F094F967-42B5-4AD7-AB44-EA044CD9837E}.Debug|x64.Build.0 = Debug|x64
		{F094F967-42B5-4AD7-AB44-EA044CD9837E}.Release|Win32.ActiveCfg = Release|x64
		{F094F967-42B5-4AD7-AB44-EA044CD9837E}.Release|Win32.Build.0 = Release|x64
		{F094F967-42B5-4AD7-AB44-EA044CD9837E}.Release|x64.ActiveCfg = Release|x64
		{F094F967-42B5-4AD7-AB44-EA044CD9837E}.Release|x64.Build.0 = Release|x64
		{89FF67C6-94C0-4C46-8411-7549A36584FB}.Debug|Win32.ActiveCfg = Debug|x64
		{89FF67C6-94C0-4C46-8411-7549A36584FB}.Debug|Win32.Build.0 = Debug|x64
		{89FF67C6-94C0-4C46-8411-7549A36584FB}.Debug|x64.ActiveCfg = Debug|x64
		{89FF67C6-94C0-4C46-8411-7549A36584FB}.Debug|x64.Build.0 = Debug|x64
		{89FF67C6-94C0-4C46-8411-7549A36584FB}.Release|Win32.ActiveCfg = Release|x64
		{89FF67C6-94C0-4C46-8411-7549A36584FB}.Release|Win32.Build.0 = Release|x64
		{89FF67C6-94C0-4C46-8411-7549A36584FB}.Release|x64.ActiveCfg = Release|x64
		{89FF67C6-94C0-4C46-8411-7549A36584FB}.Release|x64.Build.0 = Release|x64
		{F05F8C1B-7E23-4147-901E-AD91092E5752}.Debug|Win32.ActiveCfg = Debug|x64
		{F05F8C1B-7E23-4147-901E-AD91092E5752}.Debug|Win32.Build.0 = Debug|x64
		{F05F8C1B-7E23-4147-901E-AD91092E5752}.Debug|x64.ActiveCfg = Debug|x64
		{F05F8C1B-7E23-4147-901E-AD91092E5752}.Debug|x64.Build.0 = Debug|x64
		{F05F8C1B-7E23-4147-901E-AD91092E5752}.Release|Win32.ActiveCfg = Release|x64
		{F05F8C1B-7E23-4147-901E-AD91092E5752}.Release|Win32.Build.0 = Release|x64
		{F05F8C1B-7E23-4147-901E-AD91092E5752}.Release|x64.ActiveCfg = Release|x64
		{F05F8C1B-7E23-4147-901E-AD91092E5752}.Release|x64.Build.0 = Release|x64
		{EAC419E9-0C72-4625-B2B9-E879F697021A}.Debug|Win32.ActiveCfg = Debug|x64
		{EAC419E9-0C72-4625-B2B9-E879F697021A}.Debug|Win32.Build.0 = Debug|x64
		{EAC419E9-0C72-4625-B2B9-E879F697021A}.Debug|x64.ActiveCfg = Debug|x64
		{EAC419E9-0C72-4625-B2B9-E879F697021A}.Debug|x64.Build.0 = Debug|x64
		{EAC419E9-0C72-4625-B2B9-E879F697021A}.Release|Win32.ActiveCfg = Release|x64
		{EAC419E9-0C72-4625-B2B9-E879F697021A}.Release|Win32.Build.0 = Release|x64
		{EAC419E9-0C72-4625-B2B9-E879F697021A}.Release|x64.ActiveCfg = Release|x64
		{EAC419E9-0C72-4625-B2B9-E879F697021A}.Release|x64.Build.0 = Release|x64
		{9ADB61D3-FDFA-4A9C-A34F-663007BB70F6}.Debug|Win32.ActiveCfg = Debug|x64
		{9ADB61D3-FDFA-4A9C-A34F-663007BB70F6}.Debug|Win32.Build.0 = Debug|x64
		{9ADB61D3-FDFA-4A9C-A34F-663007BB70F6}.Debug|x64.ActiveCfg = Debug|x64
		{9ADB61D3-FDFA-4A9C-A34F-663007BB70F6}.Debug|x64.Build.0 = Debug|x64
		{9ADB61D3-FDFA-4A9C-A34F-663007BB70F6}.Release|Win32.ActiveCfg = Release|x64
		{9ADB61D3-FDFA-4A9C-A34F-663007BB70F6}.Release|Win32.Build.0 = Release|x64
		{9ADB61D3-FDFA-4A9C-A34F-663007BB70F6}.Release|x64.ActiveCfg = Release|x64
		{9ADB61D3-FDFA-4A9C-A34F-663007BB70F6}.Release|x64.Build.0 = Release|x64
		{259FCEE5-3442-4076-9547-2BA793ECA1CB}.Debug|Win32.ActiveCfg = Debug|Win32
		{259FCEE5-3442-4076-9547-2BA793ECA1CB}.Debug|Win32.Build.0 = Debug|Win32
		{259FCEE5-3442-4076-9547-2BA793ECA1CB}.Debug|x64.ActiveCfg = Debug|x64
		{259FCEE5-3442-4076-9547-2BA793ECA1CB}.Debug|x64.Build.0 = Debug|x64
		{259FCEE5-3442-4076-9547-2BA793ECA1CB}.Release|Win32.ActiveCfg = Release|Win32
		{259FCEE5-3442-4076-9547-2BA793ECA1CB}.Release|Win32.Build.0 = Release|Win32
		{259FCEE5-3442-4076-9547-2BA793ECA1CB}.Release|x64.ActiveCfg = Release|x64
		{259FCEE5-3442-4076-9547-2BA793ECA1CB}.Release|x64.Build.0 = Release|x64
		{BE34AA99-BEE6-4B50-B237-217E7C88FCB5}.Debug|Win32.ActiveCfg = Debug|Win32
		{BE34AA99-BEE6-4B50-B237-217E7C88FCB5}.Debug|Win32.Build.0 = Debug|Win32
		{BE34AA99-BEE6-4B50-B237-217E7C88FCB5}.Debug|x64.ActiveCfg = Debug|x64
		{BE34AA99-BEE6-4B50-B237-217E7C88FCB5}.Debug|x64.Build.0 = Debug|x64
		{BE34AA99-BEE6-4B50-B237-217E7C88FCB5}.Release|Win32.ActiveCfg = Release|Win32
		{BE34AA99-BEE6-4B50-B237-217E7C88FCB5}.Release|Win32.Build.0 = Release|Win32
		{BE34AA99-BEE6-4B50-B237-217E7C88FCB5}.Release|x64.ActiveCfg = Release|x64
		{BE34AA99-BEE6-4B50-B237-217E7C88FCB5}.Release|x64.Build.0 = Release|x64
		{150FA82E-0E9F-4449-82A6-811BFFE6B5FE}.Debug|Win32.ActiveCfg = Debug|Win32
		{150FA82E-0E9F-4449-82A6-811BFFE6B5FE}.Debug|Win32.Build.0 = Debug|Win32
		{150FA82E-0E9F-4449-82A6-811BFFE6B5FE}.Debug|x64.ActiveCfg = Debug|Win32
		{150FA82E-0E9F-4449-82A6-811BFFE6B5FE}.Debug|x64.Build.0 = Debug|Win32
		{150FA82E-0E9F-4449-82A6-811BFFE6B5FE}.Release|Win32.ActiveCfg = Release|Win32
		{150FA82E-0E9F-4449-82A6-811BFFE6B5FE}.Release|Win32.Build.0 = Release|Win32
		{150FA82E-0E9F-4449-82A6-811BFFE6B5FE}.Release|x64.ActiveCfg = Release|Win32
		{150FA82E-0E9F-4449-82A6-811BFFE6B5FE}.Release|x64.Build.0 = Release|Win32
		{54DD1412-20C0-4700-96D7-3FD445E70996}.Debug|Win32.ActiveCfg = Debug|Win32
		{54DD1412-20C0-4700-96D7-3FD445E70996}.Debug|Win32.Build.0 = Debug|Win32
		{54DD1412-20C0-4700-96D7-3FD445E70996}.Debug|x64.ActiveCfg = Debug|Win32
		{54DD1412-20C0-4700-96D7-3FD445E70996}.Debug|x64.Build.0 = Debug|Win32
		{54DD1412-20C0-4700-96D7-3FD445E70996}.Release|Win32.ActiveCfg = Release|Win32
		{54DD1412-20C0-4700-96D7-3FD445E70996}.Release|Win32.Build.0 = Release|Win32
		{54DD1412-20C0-4700-96D7-3FD445E70996}.Release|x64.ActiveCfg = Release|Win32
		{54DD1412-20C0-4700-96D7-3FD445E70996}.Release|x64.Build.0 = Release|Win32
		{1ED2F590-1DE8-457D-97BD-38ECF0955F7F}.Debug|Win32.ActiveCfg = Debug|Win32
		{1ED2F590-1DE8-457D-97BD-38ECF0955F7F}.Debug|Win32.Build.0 = Debug|Win32
		{1ED2F590-1DE8-457D-97BD-38ECF0955F7F}.Debug|x64.ActiveCfg = Debug|Win32
		{1ED2F590-1DE8-457D-97BD-38ECF0955F7F}.Debug|x64.Build.0 = Debug|Win32
		{1ED2F590-1DE8-457D-97BD-38ECF0955F7F}.Release|Win32.ActiveCfg = Release|Win32
		{1ED2F590-1DE8-457D-97BD-38ECF0955F7F}.Release|Win32.Build.0 = Release|Win32
		{1ED2F590-1DE8-457D-97BD-38ECF0955F7F}.Release|x64.ActiveCfg = Release|Win32
		{1ED2F590-1DE8-457D-97BD-38ECF0955F7F}.Release|x64.Build.0 = Release|Win32
		{BE980D05-770C-4420-B59B-EAD7A63468D2}.Debug|Win32.ActiveCfg = Debug|Win32
		{BE980D05-770C-4420-B59B-EAD7A63468D2}.Debug|Win32.Build.0 = Debug|Win32
		{BE980D05-770C-4420-B59B-EAD7A63468D2}.Debug|x64.ActiveCfg = Debug|Win32
		{BE980D05-770C-4420-B59B-EAD7A63468D2}.Debug|x64.Build.0 = Debug|Win32
		{BE980D05-770C-4420-B59B-EAD7A63468D2}.Release|Win32.ActiveCfg = Release|Win32
		{BE980D05-770C-4420-B59B-EAD7A63468D2}.Release|Win32.Build.0 = Release|Win32
		{BE980D05-770C-4420-B59B-EAD7A63468D2}.Release|x64.ActiveCfg = Release|Win32
		{BE980D05-770C-4420-B59B-EAD7A63468D2}.Release|x64.Build.0 = Release|Win32
		{3B05742A-6512-4B11-8842-A1B9D1465B1F}.Debug|Win32.ActiveCfg = Debug|Win32
		{3B05742A-6512-4B11-8842-A1B9D1465B1F}.Debug|Win32.Build.0 = Debug|Win32
		{3B05742A-6512-4B11-8842-A1B9D1465B1F}.Debug|x64.ActiveCfg = Debug|Win32
		{3B05742A-6512-4B11-8842-A1B9D1465B1F}.Debug|x64.Build.0 = Debug|Win32
		{3B05742A-6512-4B11-8842-A1B9D1465B1F}.Release|Win32.ActiveCfg = Release|Win32
		{3B05742A-6512-4B11-8842-A1B9D1465B1F}.Release|Win32.Build.0 = Release|Win32
		{3B05742A-6512-4B11-8842-A1B9D1465B1F}.Release|x64.ActiveCfg = Release|Win32
		{3B05742A-6512-4B11-8842-A1B9D1465B1F}.Release|x64.Build.0 = Release|Win32
		{0BBEE569-536D-452C-808C-61843FECCC7E}.Debug|Win32.ActiveCfg = Debug|Win32
		{0BBEE569-536D-452C-808C-61843FECCC7E}.Debug|Win32.Build.0 = Debug|Win32
		{0BBEE569-536D-452C-808C-61843FECCC7E}.Debug|x64.ActiveCfg = Debug|Win32
		{0BBEE569-536D-452C-808C-61843FECCC7E}.Debug|x64.Build.0 = Debug|Win32
		{0BBEE569-536D-452C-808C-61843FECCC7E}.Release|Win32.ActiveCfg = Release|Win32
		{0BBEE569-536D-452C-808C-61843FECCC7E}.Release|Win32.Build.0 = Release|Win32
		{0BBEE569-536D-452C-808C-61843FECCC7E}.Release|x64.ActiveCfg = Release|Win32
		{0BBEE569-536D-452C-808C-61843FECCC7E}.Release|x64.Build.0 = Release|Win32
		{A4F27C6F-601D-45C0-9F81-7C100BD93B9A}.Debug|Win32.ActiveCfg = Debug|Win32
		{A4F27C6F-601D-45C0-9F81-7C100BD93B9A}.Debug|Win32.Build.0 = Debug|Win32
		{A4F27C6F-601D-45C0-9F81-7C100BD93B9A}.Debug|x64.ActiveCfg = Debug|Win32
		{A4F27C6F-601D-45C0-9F81-7C100BD93B9A}.Debug|x64.Build.0 = Debug|Win32
		{A4F27C6F-601D-45C0-9F81-7C100BD93B9A}.Release|Win32.ActiveCfg = Release|Win32
		{A4F27C6F-601D-45C0-9F81-7C100BD93B9A}.Release|Win32.Build.0 = Release|Win32
		{A4F27C6F-601D-45C0-9F81-7C100BD93B9A}.Release|x64.ActiveCfg = Release|Win32
		{A4F27C6F-601D-45C0-9F81-7C100BD93B9A}.Release|x64.Build.0 = Release|Win32
		{0CAD095A-C9F2-49FC-9C9F-4508498BE488}.Debug|Win32.ActiveCfg = Debug|Win32
		{0CAD095A-C9F2-49FC-9C9F-4508498BE488}.Debug|Win32.Build.0 = Debug|Win32
		{0CAD095A-C9F2-49FC-9C9F-4508498BE488}.Debug|x64.ActiveCfg = Debug|Win32
		{0CAD095A-C9F2-49FC-9C9F-4508498BE488}.Debug|x64.Build.0 = Debug|Win32
		{0CAD095A-C9F2-49FC-9C9F-4508498BE488}.Release|Win32.ActiveCfg = Release|Win32
		{0CAD095A-C9F2-49FC-9C9F-4508498BE488}.Release|Win32.Build.0 = Release|Win32
		{0CAD095A-C9F2-49FC-9C9F-4508498BE488}.Release|x64.ActiveCfg = Release|Win32
		{0CAD095A-C9F2-49FC-9C9F-4508498BE488}.Release|x64.Build.0 = Release|Win32
	EndGlobalSection
	GlobalSection(SolutionProperties) = preSolution
		HideSolutionNode = FALSE
	EndGlobalSection
	GlobalSection(NestedProjects) = preSolution
		{54532B93-A2F9-49AC-886E-767A6D78E2F2} = {4E25CF88-D7D8-4A9C-A52E-0D78281E82EC}
		{E888E99C-734D-44C4-B917-0AC8D3E2F48F} = {4E25CF88-D7D8-4A9C-A52E-0D78281E82EC}
		{3E4018CE-CCA2-48E6-B11E-732A1B59C672} = {4E25CF88-D7D8-4A9C-A52E-0D78281E82EC}
		{F094F967-42B5-4AD7-AB44-EA044CD9837E} = {4E25CF88-D7D8-4A9C-A52E-0D78281E82EC}
		{89FF67C6-94C0-4C46-8411-7549A36584FB} = {4E25CF88-D7D8-4A9C-A52E-0D78281E82EC}
		{F05F8C1B-7E23-4147-901E-AD91092E5752} = {4E25CF88-D7D8-4A9C-A52E-0D78281E82EC}
		{EAC419E9-0C72-4625-B2B9-E879F697021A} = {4E25CF88-D7D8-4A9C-A52E-0D78281E82EC}
		{9ADB61D3-FDFA-4A9C-A34F-663007BB70F6} = {4E25CF88-D7D8-4A9C-A52E-0D78281E82EC}
		{259FCEE5-3442-4076-9547-2BA793ECA1CB} = {412816A5-9D22-4A30-BCDF-ABFB54BB3735}
		{BE34AA99-BEE6-4B50-B237-217E7C88FCB5} = {412816A5-9D22-4A30-BCDF-ABFB54BB3735}
		{150FA82E-0E9F-4449-82A6-811BFFE6B5FE} = {4E25CF88-D7D8-4A9C-A52E-0D78281E82EC}
		{54DD1412-20C0-4700-96D7-3FD445E70996} = {4E25CF88-D7D8-4A9C-A52E-0D78281E82EC}
		{1ED2F590-1DE8-457D-97BD-38ECF0955F7F} = {4E25CF88-D7D8-4A9C-A52E-0D78281E82EC}
		{BE980D05-770C-4420-B59B-EAD7A63468D2} = {4E25CF88-D7D8-4A9C-A52E-0D78281E82EC}
		{3B05742A-6512-4B11-8842-A1B9D1465B1F} = {4E25CF88-D7D8-4A9C-A52E-0D78281E82EC}
		{0BBEE569-536D-452C-808C-61843FECCC7E} = {4E25CF88-D7D8-4A9C-A52E-0D78281E82EC}
		{A4F27C6F-601D-45C0-9F81-7C100BD93B9A} = {4E25CF88-D7D8-4A9C-A52E-0D78281E82EC}
		{0CAD095A-C9F2-49FC-9C9F-4508498BE488} = {4E25CF88-D7D8-4A9C-A52E-0D78281E82EC}
	EndGlobalSection
	GlobalSection(ExtensibilityGlobals) = postSolution
		SolutionGuid = {0926DDCC-88CD-4839-A82D-D9B99E02A0B1}
	EndGlobalSection
EndGlobal
