<?xml version="1.0" encoding="utf-8"?>
<Project ToolsVersion="4.0" xmlns="http://schemas.microsoft.com/developer/msbuild/2003">
  <ItemGroup>
    <ClInclude Include="..\include\toml++\toml.h">
      <Filter>include</Filter>
    </ClInclude>
    <ClInclude Include="..\include\toml++\toml_array.h">
      <Filter>include</Filter>
    </ClInclude>
    <ClInclude Include="..\include\toml++\toml_common.h">
      <Filter>include</Filter>
    </ClInclude>
    <ClInclude Include="..\include\toml++\toml_date_time.h">
      <Filter>include</Filter>
    </ClInclude>
    <ClInclude Include="..\include\toml++\toml_default_formatter.h">
      <Filter>include</Filter>
    </ClInclude>
    <ClInclude Include="..\include\toml++\toml_formatter.h">
      <Filter>include</Filter>
    </ClInclude>
    <ClInclude Include="..\include\toml++\toml_json_formatter.h">
      <Filter>include</Filter>
    </ClInclude>
    <ClInclude Include="..\include\toml++\toml_node.h">
      <Filter>include</Filter>
    </ClInclude>
    <ClInclude Include="..\include\toml++\toml_node_view.h">
      <Filter>include</Filter>
    </ClInclude>
    <ClInclude Include="..\include\toml++\toml_parser.h">
      <Filter>include</Filter>
    </ClInclude>
    <ClInclude Include="..\include\toml++\toml_print_to_stream.h">
      <Filter>include</Filter>
    </ClInclude>
    <ClInclude Include="..\include\toml++\toml_table.h">
      <Filter>include</Filter>
    </ClInclude>
    <ClInclude Include="..\include\toml++\toml_utf8.h">
      <Filter>include</Filter>
    </ClInclude>
    <ClInclude Include="..\include\toml++\toml_value.h">
      <Filter>include</Filter>
    </ClInclude>
    <ClInclude Include="..\include\toml++\toml_version.h">
      <Filter>include</Filter>
    </ClInclude>
    <ClInclude Include="..\include\toml++\toml_array.hpp">
      <Filter>include</Filter>
    </ClInclude>
    <ClInclude Include="..\include\toml++\toml_default_formatter.hpp">
      <Filter>include</Filter>
    </ClInclude>
    <ClInclude Include="..\include\toml++\toml_table.hpp">
      <Filter>include</Filter>
    </ClInclude>
    <ClInclude Include="..\include\toml++\toml_instantiations.hpp">
      <Filter>include</Filter>
    </ClInclude>
    <ClInclude Include="..\include\toml++\toml_node.hpp">
      <Filter>include</Filter>
    </ClInclude>
    <ClInclude Include="..\include\toml++\toml_parser.hpp">
      <Filter>include</Filter>
    </ClInclude>
    <ClInclude Include="..\include\toml++\toml_utf8_streams.h">
      <Filter>include</Filter>
    </ClInclude>
    <ClInclude Include="..\include\toml++\toml_parse_error.h">
      <Filter>include</Filter>
    </ClInclude>
    <ClInclude Include="..\include\toml++\toml_preprocessor.h">
      <Filter>include</Filter>
    </ClInclude>
    <ClInclude Include="..\include\toml++\toml_json_formatter.hpp">
      <Filter>include</Filter>
    </ClInclude>
    <ClInclude Include="..\include\toml++\toml_utf8_streams.hpp">
      <Filter>include</Filter>
    </ClInclude>
  </ItemGroup>
  <ItemGroup>
    <None Include="..\.editorconfig" />
    <None Include="..\README.md" />
    <None Include="..\python\ci_single_header_check.py">
      <Filter>python</Filter>
    </None>
    <None Include="..\python\generate_documentation.py">
      <Filter>python</Filter>
    </None>
    <None Include="..\python\generate_single_header.py">
      <Filter>python</Filter>
    </None>
    <None Include="..\docs\Doxyfile">
      <Filter>docs</Filter>
    </None>
    <None Include="..\docs\Doxyfile-mcss">
      <Filter>docs</Filter>
    </None>
    <None Include="..\CONTRIBUTING.md" />
    <None Include="..\meson.build" />
    <None Include="toml++.props" />
    <None Include="..\python\utils.py">
      <Filter>python</Filter>
    </None>
    <None Include="..\python\generate_conformance_tests.py">
      <Filter>python</Filter>
    </None>
    <None Include="..\docs\main_page.dox">
      <Filter>docs</Filter>
    </None>
    <None Include="..\.gitattributes" />
    <None Include="..\.gitignore" />
    <None Include="..\python\generate_windows_test_targets.py">
      <Filter>python</Filter>
    </None>
    <None Include="..\CODE_OF_CONDUCT.md" />
    <None Include="..\LICENSE" />
    <None Include="..\docs\muu.css">
      <Filter>docs</Filter>
    </None>
    <None Include="..\docs\muu.js">
      <Filter>docs</Filter>
    </None>
  </ItemGroup>
  <ItemGroup>
    <Filter Include="include">
      <UniqueIdentifier>{98f8e2f6-ce87-435a-bd9a-4f02b8ac66e7}</UniqueIdentifier>
    </Filter>
    <Filter Include="python">
      <UniqueIdentifier>{5ba46476-31a3-484e-aee7-f840dd2202b1}</UniqueIdentifier>
    </Filter>
    <Filter Include="docs">
      <UniqueIdentifier>{5ed0949f-6855-4664-ad86-2b38ceeb400b}</UniqueIdentifier>
    </Filter>
  </ItemGroup>
  <ItemGroup>
    <Natvis Include="toml++.natvis" />
  </ItemGroup>
  <ItemGroup>
    <Text Include="..\meson_options.txt" />
    <Text Include="..\python\requirements.txt">
      <Filter>python</Filter>
    </Text>
  </ItemGroup>
</Project>